
Microsoft Visual Studio Solution File, Format Version 12.00
# Visual Studio Version 17
VisualStudioVersion = 17.14.36127.28 d17.14
MinimumVisualStudioVersion = 10.0.40219.1
Project("{FAE04EC0-301F-11D3-BF4B-00C04F79EFBC}") = "ProjectIT008", "ProjectIT008.csproj", "{E6C95309-C1C0-4797-806C-08012F926D0A}"
EndProject
Global
	GlobalSection(SolutionConfigurationPlatforms) = preSolution
		Debug|Any CPU = Debug|Any CPU
		Release|Any CPU = Release|Any CPU
	EndGlobalSection
	GlobalSection(ProjectConfigurationPlatforms) = postSolution
		{E6C95309-C1C0-4797-806C-08012F926D0A}.Debug|Any CPU.ActiveCfg = Debug|Any CPU
		{E6C95309-C1C0-4797-806C-08012F926D0A}.Debug|Any CPU.Build.0 = Debug|Any CPU
		{E6C95309-C1C0-4797-806C-08012F926D0A}.Release|Any CPU.ActiveCfg = Release|Any CPU
		{E6C95309-C1C0-4797-806C-08012F926D0A}.Release|Any CPU.Build.0 = Release|Any CPU
	EndGlobalSection
	GlobalSection(SolutionProperties) = preSolution
		HideSolutionNode = FALSE
	EndGlobalSection
	GlobalSection(ExtensibilityGlobals) = postSolution
		SolutionGuid = {EED4DB9A-395D-4314-8597-82639A3A4697}
	EndGlobalSection
EndGlobal
